
Microsoft Visual Studio Solution File, Format Version 12.00
# Visual Studio Version 16
VisualStudioVersion = 16.0.31624.102
MinimumVisualStudioVersion = 10.0.40219.1
Project("{FAE04EC0-301F-11D3-BF4B-00C04F79EFBC}") = "FreezingBoilingPoints", "FreezingBoilingPoints\FreezingBoilingPoints.csproj", "{415BC40B-F59B-47B0-91A4-02D698183C7A}"
EndProject
Global
	GlobalSection(SolutionConfigurationPlatforms) = preSolution
		Debug|Any CPU = Debug|Any CPU
		Release|Any CPU = Release|Any CPU
	EndGlobalSection
	GlobalSection(ProjectConfigurationPlatforms) = postSolution
		{415BC40B-F59B-47B0-91A4-02D698183C7A}.Debug|Any CPU.ActiveCfg = Debug|Any CPU
		{415BC40B-F59B-47B0-91A4-02D698183C7A}.Debug|Any CPU.Build.0 = Debug|Any CPU
		{415BC40B-F59B-47B0-91A4-02D698183C7A}.Release|Any CPU.ActiveCfg = Release|Any CPU
		{415BC40B-F59B-47B0-91A4-02D698183C7A}.Release|Any CPU.Build.0 = Release|Any CPU
	EndGlobalSection
	GlobalSection(SolutionProperties) = preSolution
		HideSolutionNode = FALSE
	EndGlobalSection
	GlobalSection(ExtensibilityGlobals) = postSolution
		SolutionGuid = {7AD59588-448D-4243-A504-CCB4D91FBF49}
	EndGlobalSection
EndGlobal
